
Microsoft Visual Studio Solution File, Format Version 12.00
# Visual Studio Version 16
VisualStudioVersion = 16.0.31321.278
MinimumVisualStudioVersion = 10.0.40219.1
Project("{9A19103F-16F7-4668-BE54-9A1E7A4F7556}") = "ProjectLDAP", "ProjectLDAP\ProjectLDAP.csproj", "{DF06D8F8-94CA-4E2C-9FE4-654A292FAD3E}"
EndProject
Project("{9A19103F-16F7-4668-BE54-9A1E7A4F7556}") = "LdaP test2", "LdaP test2\LdaP test2.csproj", "{DCFA5211-B8CF-4D18-AF6E-7F18DCCB9523}"
EndProject
Project("{9A19103F-16F7-4668-BE54-9A1E7A4F7556}") = "DllLDAP", "DllLDAP\DllLDAP.csproj", "{2D99BED0-34D7-46C7-9AED-742109182428}"
EndProject
Project("{FAE04EC0-301F-11D3-BF4B-00C04F79EFBC}") = "TestExcel", "TestExcel\TestExcel.csproj", "{DD215A13-FED3-48F9-BD12-1B4146E7CBBB}"
EndProject
Project("{9A19103F-16F7-4668-BE54-9A1E7A4F7556}") = "ExportExcel", "ExportExcel\ExportExcel.csproj", "{F86431E5-D37A-4C45-8C9A-3B3043F15CF3}"
EndProject
Project("{9A19103F-16F7-4668-BE54-9A1E7A4F7556}") = "ExportTEST2", "ExportTEST2\ExportTEST2.csproj", "{60CE7EA8-A87A-4C8C-93F4-95C40A232967}"
EndProject
Project("{9A19103F-16F7-4668-BE54-9A1E7A4F7556}") = "ConsoleApp1", "ConsoleApp1\ConsoleApp1.csproj", "{506CF263-9207-4B77-A8BB-449D1980B311}"
EndProject
Project("{9A19103F-16F7-4668-BE54-9A1E7A4F7556}") = "DocWord", "DocWord\DocWord.csproj", "{60B0F90C-3CC5-43BA-9007-21B33AFC3ACD}"
EndProject
Project("{FAE04EC0-301F-11D3-BF4B-00C04F79EFBC}") = "MinIO_TEST", "MinIO_TEST\MinIO_TEST.csproj", "{63B3EBF0-A765-4B7E-BD26-2560B58C7788}"
EndProject
Global
	GlobalSection(SolutionConfigurationPlatforms) = preSolution
		Debug|Any CPU = Debug|Any CPU
		Debug|x64 = Debug|x64
		Debug|x86 = Debug|x86
		Release|Any CPU = Release|Any CPU
		Release|x64 = Release|x64
		Release|x86 = Release|x86
	EndGlobalSection
	GlobalSection(ProjectConfigurationPlatforms) = postSolution
		{DF06D8F8-94CA-4E2C-9FE4-654A292FAD3E}.Debug|Any CPU.ActiveCfg = Debug|Any CPU
		{DF06D8F8-94CA-4E2C-9FE4-654A292FAD3E}.Debug|Any CPU.Build.0 = Debug|Any CPU
		{DF06D8F8-94CA-4E2C-9FE4-654A292FAD3E}.Debug|x64.ActiveCfg = Debug|Any CPU
		{DF06D8F8-94CA-4E2C-9FE4-654A292FAD3E}.Debug|x64.Build.0 = Debug|Any CPU
		{DF06D8F8-94CA-4E2C-9FE4-654A292FAD3E}.Debug|x86.ActiveCfg = Debug|Any CPU
		{DF06D8F8-94CA-4E2C-9FE4-654A292FAD3E}.Debug|x86.Build.0 = Debug|Any CPU
		{DF06D8F8-94CA-4E2C-9FE4-654A292FAD3E}.Release|Any CPU.ActiveCfg = Release|Any CPU
		{DF06D8F8-94CA-4E2C-9FE4-654A292FAD3E}.Release|Any CPU.Build.0 = Release|Any CPU
		{DF06D8F8-94CA-4E2C-9FE4-654A292FAD3E}.Release|x64.ActiveCfg = Release|Any CPU
		{DF06D8F8-94CA-4E2C-9FE4-654A292FAD3E}.Release|x64.Build.0 = Release|Any CPU
		{DF06D8F8-94CA-4E2C-9FE4-654A292FAD3E}.Release|x86.ActiveCfg = Release|Any CPU
		{DF06D8F8-94CA-4E2C-9FE4-654A292FAD3E}.Release|x86.Build.0 = Release|Any CPU
		{DCFA5211-B8CF-4D18-AF6E-7F18DCCB9523}.Debug|Any CPU.ActiveCfg = Debug|Any CPU
		{DCFA5211-B8CF-4D18-AF6E-7F18DCCB9523}.Debug|Any CPU.Build.0 = Debug|Any CPU
		{DCFA5211-B8CF-4D18-AF6E-7F18DCCB9523}.Debug|x64.ActiveCfg = Debug|Any CPU
		{DCFA5211-B8CF-4D18-AF6E-7F18DCCB9523}.Debug|x64.Build.0 = Debug|Any CPU
		{DCFA5211-B8CF-4D18-AF6E-7F18DCCB9523}.Debug|x86.ActiveCfg = Debug|Any CPU
		{DCFA5211-B8CF-4D18-AF6E-7F18DCCB9523}.Debug|x86.Build.0 = Debug|Any CPU
		{DCFA5211-B8CF-4D18-AF6E-7F18DCCB9523}.Release|Any CPU.ActiveCfg = Release|Any CPU
		{DCFA5211-B8CF-4D18-AF6E-7F18DCCB9523}.Release|Any CPU.Build.0 = Release|Any CPU
		{DCFA5211-B8CF-4D18-AF6E-7F18DCCB9523}.Release|x64.ActiveCfg = Release|Any CPU
		{DCFA5211-B8CF-4D18-AF6E-7F18DCCB9523}.Release|x64.Build.0 = Release|Any CPU
		{DCFA5211-B8CF-4D18-AF6E-7F18DCCB9523}.Release|x86.ActiveCfg = Release|Any CPU
		{DCFA5211-B8CF-4D18-AF6E-7F18DCCB9523}.Release|x86.Build.0 = Release|Any CPU
		{2D99BED0-34D7-46C7-9AED-742109182428}.Debug|Any CPU.ActiveCfg = Debug|Any CPU
		{2D99BED0-34D7-46C7-9AED-742109182428}.Debug|Any CPU.Build.0 = Debug|Any CPU
		{2D99BED0-34D7-46C7-9AED-742109182428}.Debug|x64.ActiveCfg = Debug|Any CPU
		{2D99BED0-34D7-46C7-9AED-742109182428}.Debug|x64.Build.0 = Debug|Any CPU
		{2D99BED0-34D7-46C7-9AED-742109182428}.Debug|x86.ActiveCfg = Debug|Any CPU
		{2D99BED0-34D7-46C7-9AED-742109182428}.Debug|x86.Build.0 = Debug|Any CPU
		{2D99BED0-34D7-46C7-9AED-742109182428}.Release|Any CPU.ActiveCfg = Release|Any CPU
		{2D99BED0-34D7-46C7-9AED-742109182428}.Release|Any CPU.Build.0 = Release|Any CPU
		{2D99BED0-34D7-46C7-9AED-742109182428}.Release|x64.ActiveCfg = Release|Any CPU
		{2D99BED0-34D7-46C7-9AED-742109182428}.Release|x64.Build.0 = Release|Any CPU
		{2D99BED0-34D7-46C7-9AED-742109182428}.Release|x86.ActiveCfg = Release|Any CPU
		{2D99BED0-34D7-46C7-9AED-742109182428}.Release|x86.Build.0 = Release|Any CPU
		{DD215A13-FED3-48F9-BD12-1B4146E7CBBB}.Debug|Any CPU.ActiveCfg = Debug|Any CPU
		{DD215A13-FED3-48F9-BD12-1B4146E7CBBB}.Debug|Any CPU.Build.0 = Debug|Any CPU
		{DD215A13-FED3-48F9-BD12-1B4146E7CBBB}.Debug|x64.ActiveCfg = Debug|Any CPU
		{DD215A13-FED3-48F9-BD12-1B4146E7CBBB}.Debug|x64.Build.0 = Debug|Any CPU
		{DD215A13-FED3-48F9-BD12-1B4146E7CBBB}.Debug|x86.ActiveCfg = Debug|Any CPU
		{DD215A13-FED3-48F9-BD12-1B4146E7CBBB}.Debug|x86.Build.0 = Debug|Any CPU
		{DD215A13-FED3-48F9-BD12-1B4146E7CBBB}.Release|Any CPU.ActiveCfg = Release|Any CPU
		{DD215A13-FED3-48F9-BD12-1B4146E7CBBB}.Release|Any CPU.Build.0 = Release|Any CPU
		{DD215A13-FED3-48F9-BD12-1B4146E7CBBB}.Release|x64.ActiveCfg = Release|Any CPU
		{DD215A13-FED3-48F9-BD12-1B4146E7CBBB}.Release|x64.Build.0 = Release|Any CPU
		{DD215A13-FED3-48F9-BD12-1B4146E7CBBB}.Release|x86.ActiveCfg = Release|Any CPU
		{DD215A13-FED3-48F9-BD12-1B4146E7CBBB}.Release|x86.Build.0 = Release|Any CPU
		{F86431E5-D37A-4C45-8C9A-3B3043F15CF3}.Debug|Any CPU.ActiveCfg = Debug|Any CPU
		{F86431E5-D37A-4C45-8C9A-3B3043F15CF3}.Debug|Any CPU.Build.0 = Debug|Any CPU
		{F86431E5-D37A-4C45-8C9A-3B3043F15CF3}.Debug|x64.ActiveCfg = Debug|Any CPU
		{F86431E5-D37A-4C45-8C9A-3B3043F15CF3}.Debug|x64.Build.0 = Debug|Any CPU
		{F86431E5-D37A-4C45-8C9A-3B3043F15CF3}.Debug|x86.ActiveCfg = Debug|Any CPU
		{F86431E5-D37A-4C45-8C9A-3B3043F15CF3}.Debug|x86.Build.0 = Debug|Any CPU
		{F86431E5-D37A-4C45-8C9A-3B3043F15CF3}.Release|Any CPU.ActiveCfg = Release|Any CPU
		{F86431E5-D37A-4C45-8C9A-3B3043F15CF3}.Release|Any CPU.Build.0 = Release|Any CPU
		{F86431E5-D37A-4C45-8C9A-3B3043F15CF3}.Release|x64.ActiveCfg = Release|Any CPU
		{F86431E5-D37A-4C45-8C9A-3B3043F15CF3}.Release|x64.Build.0 = Release|Any CPU
		{F86431E5-D37A-4C45-8C9A-3B3043F15CF3}.Release|x86.ActiveCfg = Release|Any CPU
		{F86431E5-D37A-4C45-8C9A-3B3043F15CF3}.Release|x86.Build.0 = Release|Any CPU
		{60CE7EA8-A87A-4C8C-93F4-95C40A232967}.Debug|Any CPU.ActiveCfg = Debug|Any CPU
		{60CE7EA8-A87A-4C8C-93F4-95C40A232967}.Debug|Any CPU.Build.0 = Debug|Any CPU
		{60CE7EA8-A87A-4C8C-93F4-95C40A232967}.Debug|x64.ActiveCfg = Debug|Any CPU
		{60CE7EA8-A87A-4C8C-93F4-95C40A232967}.Debug|x64.Build.0 = Debug|Any CPU
		{60CE7EA8-A87A-4C8C-93F4-95C40A232967}.Debug|x86.ActiveCfg = Debug|Any CPU
		{60CE7EA8-A87A-4C8C-93F4-95C40A232967}.Debug|x86.Build.0 = Debug|Any CPU
		{60CE7EA8-A87A-4C8C-93F4-95C40A232967}.Release|Any CPU.ActiveCfg = Release|Any CPU
		{60CE7EA8-A87A-4C8C-93F4-95C40A232967}.Release|Any CPU.Build.0 = Release|Any CPU
		{60CE7EA8-A87A-4C8C-93F4-95C40A232967}.Release|x64.ActiveCfg = Release|Any CPU
		{60CE7EA8-A87A-4C8C-93F4-95C40A232967}.Release|x64.Build.0 = Release|Any CPU
		{60CE7EA8-A87A-4C8C-93F4-95C40A232967}.Release|x86.ActiveCfg = Release|Any CPU
		{60CE7EA8-A87A-4C8C-93F4-95C40A232967}.Release|x86.Build.0 = Release|Any CPU
		{506CF263-9207-4B77-A8BB-449D1980B311}.Debug|Any CPU.ActiveCfg = Debug|Any CPU
		{506CF263-9207-4B77-A8BB-449D1980B311}.Debug|Any CPU.Build.0 = Debug|Any CPU
		{506CF263-9207-4B77-A8BB-449D1980B311}.Debug|x64.ActiveCfg = Debug|Any CPU
		{506CF263-9207-4B77-A8BB-449D1980B311}.Debug|x64.Build.0 = Debug|Any CPU
		{506CF263-9207-4B77-A8BB-449D1980B311}.Debug|x86.ActiveCfg = Debug|Any CPU
		{506CF263-9207-4B77-A8BB-449D1980B311}.Debug|x86.Build.0 = Debug|Any CPU
		{506CF263-9207-4B77-A8BB-449D1980B311}.Release|Any CPU.ActiveCfg = Release|Any CPU
		{506CF263-9207-4B77-A8BB-449D1980B311}.Release|Any CPU.Build.0 = Release|Any CPU
		{506CF263-9207-4B77-A8BB-449D1980B311}.Release|x64.ActiveCfg = Release|Any CPU
		{506CF263-9207-4B77-A8BB-449D1980B311}.Release|x64.Build.0 = Release|Any CPU
		{506CF263-9207-4B77-A8BB-449D1980B311}.Release|x86.ActiveCfg = Release|Any CPU
		{506CF263-9207-4B77-A8BB-449D1980B311}.Release|x86.Build.0 = Release|Any CPU
		{60B0F90C-3CC5-43BA-9007-21B33AFC3ACD}.Debug|Any CPU.ActiveCfg = Debug|Any CPU
		{60B0F90C-3CC5-43BA-9007-21B33AFC3ACD}.Debug|Any CPU.Build.0 = Debug|Any CPU
		{60B0F90C-3CC5-43BA-9007-21B33AFC3ACD}.Debug|x64.ActiveCfg = Debug|Any CPU
		{60B0F90C-3CC5-43BA-9007-21B33AFC3ACD}.Debug|x64.Build.0 = Debug|Any CPU
		{60B0F90C-3CC5-43BA-9007-21B33AFC3ACD}.Debug|x86.ActiveCfg = Debug|Any CPU
		{60B0F90C-3CC5-43BA-9007-21B33AFC3ACD}.Debug|x86.Build.0 = Debug|Any CPU
		{60B0F90C-3CC5-43BA-9007-21B33AFC3ACD}.Release|Any CPU.ActiveCfg = Release|Any CPU
		{60B0F90C-3CC5-43BA-9007-21B33AFC3ACD}.Release|Any CPU.Build.0 = Release|Any CPU
		{60B0F90C-3CC5-43BA-9007-21B33AFC3ACD}.Release|x64.ActiveCfg = Release|Any CPU
		{60B0F90C-3CC5-43BA-9007-21B33AFC3ACD}.Release|x64.Build.0 = Release|Any CPU
		{60B0F90C-3CC5-43BA-9007-21B33AFC3ACD}.Release|x86.ActiveCfg = Release|Any CPU
		{60B0F90C-3CC5-43BA-9007-21B33AFC3ACD}.Release|x86.Build.0 = Release|Any CPU
		{63B3EBF0-A765-4B7E-BD26-2560B58C7788}.Debug|Any CPU.ActiveCfg = Debug|Any CPU
		{63B3EBF0-A765-4B7E-BD26-2560B58C7788}.Debug|Any CPU.Build.0 = Debug|Any CPU
		{63B3EBF0-A765-4B7E-BD26-2560B58C7788}.Debug|x64.ActiveCfg = Debug|Any CPU
		{63B3EBF0-A765-4B7E-BD26-2560B58C7788}.Debug|x64.Build.0 = Debug|Any CPU
		{63B3EBF0-A765-4B7E-BD26-2560B58C7788}.Debug|x86.ActiveCfg = Debug|Any CPU
		{63B3EBF0-A765-4B7E-BD26-2560B58C7788}.Debug|x86.Build.0 = Debug|Any CPU
		{63B3EBF0-A765-4B7E-BD26-2560B58C7788}.Release|Any CPU.ActiveCfg = Release|Any CPU
		{63B3EBF0-A765-4B7E-BD26-2560B58C7788}.Release|Any CPU.Build.0 = Release|Any CPU
		{63B3EBF0-A765-4B7E-BD26-2560B58C7788}.Release|x64.ActiveCfg = Release|Any CPU
		{63B3EBF0-A765-4B7E-BD26-2560B58C7788}.Release|x64.Build.0 = Release|Any CPU
		{63B3EBF0-A765-4B7E-BD26-2560B58C7788}.Release|x86.ActiveCfg = Release|Any CPU
		{63B3EBF0-A765-4B7E-BD26-2560B58C7788}.Release|x86.Build.0 = Release|Any CPU
	EndGlobalSection
	GlobalSection(SolutionProperties) = preSolution
		HideSolutionNode = FALSE
	EndGlobalSection
	GlobalSection(ExtensibilityGlobals) = postSolution
		SolutionGuid = {642600FA-AAA6-4C9E-9901-9A4DF4E110BD}
	EndGlobalSection
EndGlobal
